
Microsoft Visual Studio Solution File, Format Version 12.00
# Visual Studio Version 16
VisualStudioVersion = 16.0.30804.86
MinimumVisualStudioVersion = 10.0.40219.1
Project("{9A19103F-16F7-4668-BE54-9A1E7A4F7556}") = "GroceryListHelper.Server", "GroceryListHelper\Server\GroceryListHelper.Server.csproj", "{BAC45BD9-6071-48DF-B762-3BAA88346909}"
EndProject
Project("{9A19103F-16F7-4668-BE54-9A1E7A4F7556}") = "GroceryListHelper.Client", "GroceryListHelper\Client\GroceryListHelper.Client.csproj", "{D0CC232F-A1F2-4F63-B5F4-E29F6CB10152}"
EndProject
Project("{9A19103F-16F7-4668-BE54-9A1E7A4F7556}") = "GroceryListHelper.Shared", "GroceryListHelper\Shared\GroceryListHelper.Shared.csproj", "{AED0F6AF-F4AB-41C0-8E8F-F8E07AA2F9F1}"
EndProject
Project("{2150E333-8FDC-42A3-9474-1A3956D46DE8}") = "Solution Items", "Solution Items", "{403A6CA4-320D-42EA-A772-0EA5A0D160E1}"
	ProjectSection(SolutionItems) = preProject
		.editorconfig = .editorconfig
	EndProjectSection
EndProject
Project("{FAE04EC0-301F-11D3-BF4B-00C04F79EFBC}") = "GroceryListHelper.DataAccess", "GroceryListHelper.DataAccess\GroceryListHelper.DataAccess.csproj", "{484766FB-A965-464D-9EA4-118AAADFAFDB}"
EndProject
Global
	GlobalSection(SolutionConfigurationPlatforms) = preSolution
		Debug|Any CPU = Debug|Any CPU
		Release|Any CPU = Release|Any CPU
	EndGlobalSection
	GlobalSection(ProjectConfigurationPlatforms) = postSolution
		{BAC45BD9-6071-48DF-B762-3BAA88346909}.Debug|Any CPU.ActiveCfg = Debug|Any CPU
		{BAC45BD9-6071-48DF-B762-3BAA88346909}.Debug|Any CPU.Build.0 = Debug|Any CPU
		{BAC45BD9-6071-48DF-B762-3BAA88346909}.Release|Any CPU.ActiveCfg = Release|Any CPU
		{BAC45BD9-6071-48DF-B762-3BAA88346909}.Release|Any CPU.Build.0 = Release|Any CPU
		{D0CC232F-A1F2-4F63-B5F4-E29F6CB10152}.Debug|Any CPU.ActiveCfg = Debug|Any CPU
		{D0CC232F-A1F2-4F63-B5F4-E29F6CB10152}.Debug|Any CPU.Build.0 = Debug|Any CPU
		{D0CC232F-A1F2-4F63-B5F4-E29F6CB10152}.Release|Any CPU.ActiveCfg = Release|Any CPU
		{D0CC232F-A1F2-4F63-B5F4-E29F6CB10152}.Release|Any CPU.Build.0 = Release|Any CPU
		{AED0F6AF-F4AB-41C0-8E8F-F8E07AA2F9F1}.Debug|Any CPU.ActiveCfg = Debug|Any CPU
		{AED0F6AF-F4AB-41C0-8E8F-F8E07AA2F9F1}.Debug|Any CPU.Build.0 = Debug|Any CPU
		{AED0F6AF-F4AB-41C0-8E8F-F8E07AA2F9F1}.Release|Any CPU.ActiveCfg = Release|Any CPU
		{AED0F6AF-F4AB-41C0-8E8F-F8E07AA2F9F1}.Release|Any CPU.Build.0 = Release|Any CPU
		{484766FB-A965-464D-9EA4-118AAADFAFDB}.Debug|Any CPU.ActiveCfg = Debug|Any CPU
		{484766FB-A965-464D-9EA4-118AAADFAFDB}.Debug|Any CPU.Build.0 = Debug|Any CPU
		{484766FB-A965-464D-9EA4-118AAADFAFDB}.Release|Any CPU.ActiveCfg = Release|Any CPU
		{484766FB-A965-464D-9EA4-118AAADFAFDB}.Release|Any CPU.Build.0 = Release|Any CPU
	EndGlobalSection
	GlobalSection(SolutionProperties) = preSolution
		HideSolutionNode = FALSE
	EndGlobalSection
	GlobalSection(ExtensibilityGlobals) = postSolution
		SolutionGuid = {1E209FD7-BBBE-4543-94AE-4C07C75F754C}
	EndGlobalSection
EndGlobal
