
Microsoft Visual Studio Solution File, Format Version 12.00
# Visual Studio Version 17
VisualStudioVersion = 17.0.32112.339
MinimumVisualStudioVersion = 10.0.40219.1
Project("{2150E333-8FDC-42A3-9474-1A3956D46DE8}") = "Solution Items", "Solution Items", "{403A6CA4-320D-42EA-A772-0EA5A0D160E1}"
	ProjectSection(SolutionItems) = preProject
		.editorconfig = .editorconfig
		Dockerfile = Dockerfile
		.github\workflows\master_grocerylisthelper.yml = .github\workflows\master_grocerylisthelper.yml
		README.md = README.md
	EndProjectSection
EndProject
Project("{9A19103F-16F7-4668-BE54-9A1E7A4F7556}") = "GroceryListHelper.Server", "Server\GroceryListHelper.Server.csproj", "{178F7F39-6CAB-49A4-A15F-7F02C3977E9E}"
EndProject
Project("{9A19103F-16F7-4668-BE54-9A1E7A4F7556}") = "GroceryListHelper.Client", "Client\GroceryListHelper.Client.csproj", "{F1803283-2016-491B-B6F7-26EEC326E9A0}"
EndProject
Project("{9A19103F-16F7-4668-BE54-9A1E7A4F7556}") = "GroceryListHelper.DataAccess", "DataAccess\GroceryListHelper.DataAccess.csproj", "{CB0993B0-1004-4699-B7A1-EE5ACC03D8E7}"
EndProject
Project("{9A19103F-16F7-4668-BE54-9A1E7A4F7556}") = "GroceryListHelper.Shared", "Shared\GroceryListHelper.Shared.csproj", "{EAA6A733-4F4B-4A65-A806-CE20B0759A4F}"
EndProject
Project("{9A19103F-16F7-4668-BE54-9A1E7A4F7556}") = "GroceryListHelper.UnitTests", "UnitTests\GroceryListHelper.UnitTests.csproj", "{31A094E3-A15D-4A1D-BCB5-EB07D9DB1C4F}"
EndProject
Project("{9A19103F-16F7-4668-BE54-9A1E7A4F7556}") = "GroceryListHelper.IntegrationTests", "IntegrationTests\GroceryListHelper.IntegrationTests.csproj", "{76BE5548-8050-4F83-865F-030A3783FE6F}"
EndProject
Project("{9A19103F-16F7-4668-BE54-9A1E7A4F7556}") = "E2ETests", "E2ETests\E2ETests.csproj", "{AB839C83-DA00-4CFA-BEEC-82C057CC52AF}"
EndProject
Project("{9A19103F-16F7-4668-BE54-9A1E7A4F7556}") = "CosmosDbInitializer", "CosmosDbInitializer\CosmosDbInitializer.csproj", "{20FF3FFC-8D9C-4A25-B77D-67F9515261DC}"
EndProject
Project("{9A19103F-16F7-4668-BE54-9A1E7A4F7556}") = "ApiIntegrationTests", "ApiIntegrationTests\ApiIntegrationTests.csproj", "{BC4C045E-CB15-4501-BF25-0D3BBFB2F77A}"
EndProject
Global
	GlobalSection(SolutionConfigurationPlatforms) = preSolution
		Debug|Any CPU = Debug|Any CPU
		Release|Any CPU = Release|Any CPU
	EndGlobalSection
	GlobalSection(ProjectConfigurationPlatforms) = postSolution
		{178F7F39-6CAB-49A4-A15F-7F02C3977E9E}.Debug|Any CPU.ActiveCfg = Debug|Any CPU
		{178F7F39-6CAB-49A4-A15F-7F02C3977E9E}.Debug|Any CPU.Build.0 = Debug|Any CPU
		{178F7F39-6CAB-49A4-A15F-7F02C3977E9E}.Release|Any CPU.ActiveCfg = Release|Any CPU
		{178F7F39-6CAB-49A4-A15F-7F02C3977E9E}.Release|Any CPU.Build.0 = Release|Any CPU
		{F1803283-2016-491B-B6F7-26EEC326E9A0}.Debug|Any CPU.ActiveCfg = Debug|Any CPU
		{F1803283-2016-491B-B6F7-26EEC326E9A0}.Debug|Any CPU.Build.0 = Debug|Any CPU
		{F1803283-2016-491B-B6F7-26EEC326E9A0}.Release|Any CPU.ActiveCfg = Release|Any CPU
		{F1803283-2016-491B-B6F7-26EEC326E9A0}.Release|Any CPU.Build.0 = Release|Any CPU
		{CB0993B0-1004-4699-B7A1-EE5ACC03D8E7}.Debug|Any CPU.ActiveCfg = Debug|Any CPU
		{CB0993B0-1004-4699-B7A1-EE5ACC03D8E7}.Debug|Any CPU.Build.0 = Debug|Any CPU
		{CB0993B0-1004-4699-B7A1-EE5ACC03D8E7}.Release|Any CPU.ActiveCfg = Release|Any CPU
		{CB0993B0-1004-4699-B7A1-EE5ACC03D8E7}.Release|Any CPU.Build.0 = Release|Any CPU
		{EAA6A733-4F4B-4A65-A806-CE20B0759A4F}.Debug|Any CPU.ActiveCfg = Debug|Any CPU
		{EAA6A733-4F4B-4A65-A806-CE20B0759A4F}.Debug|Any CPU.Build.0 = Debug|Any CPU
		{EAA6A733-4F4B-4A65-A806-CE20B0759A4F}.Release|Any CPU.ActiveCfg = Release|Any CPU
		{EAA6A733-4F4B-4A65-A806-CE20B0759A4F}.Release|Any CPU.Build.0 = Release|Any CPU
		{31A094E3-A15D-4A1D-BCB5-EB07D9DB1C4F}.Debug|Any CPU.ActiveCfg = Debug|Any CPU
		{31A094E3-A15D-4A1D-BCB5-EB07D9DB1C4F}.Debug|Any CPU.Build.0 = Debug|Any CPU
		{31A094E3-A15D-4A1D-BCB5-EB07D9DB1C4F}.Release|Any CPU.ActiveCfg = Release|Any CPU
		{31A094E3-A15D-4A1D-BCB5-EB07D9DB1C4F}.Release|Any CPU.Build.0 = Release|Any CPU
		{76BE5548-8050-4F83-865F-030A3783FE6F}.Debug|Any CPU.ActiveCfg = Debug|Any CPU
		{76BE5548-8050-4F83-865F-030A3783FE6F}.Debug|Any CPU.Build.0 = Debug|Any CPU
		{76BE5548-8050-4F83-865F-030A3783FE6F}.Release|Any CPU.ActiveCfg = Release|Any CPU
		{76BE5548-8050-4F83-865F-030A3783FE6F}.Release|Any CPU.Build.0 = Release|Any CPU
		{AB839C83-DA00-4CFA-BEEC-82C057CC52AF}.Debug|Any CPU.ActiveCfg = Debug|Any CPU
		{AB839C83-DA00-4CFA-BEEC-82C057CC52AF}.Debug|Any CPU.Build.0 = Debug|Any CPU
		{AB839C83-DA00-4CFA-BEEC-82C057CC52AF}.Release|Any CPU.ActiveCfg = Release|Any CPU
		{AB839C83-DA00-4CFA-BEEC-82C057CC52AF}.Release|Any CPU.Build.0 = Release|Any CPU
		{20FF3FFC-8D9C-4A25-B77D-67F9515261DC}.Debug|Any CPU.ActiveCfg = Debug|Any CPU
		{20FF3FFC-8D9C-4A25-B77D-67F9515261DC}.Debug|Any CPU.Build.0 = Debug|Any CPU
		{20FF3FFC-8D9C-4A25-B77D-67F9515261DC}.Release|Any CPU.ActiveCfg = Release|Any CPU
		{20FF3FFC-8D9C-4A25-B77D-67F9515261DC}.Release|Any CPU.Build.0 = Release|Any CPU
		{BC4C045E-CB15-4501-BF25-0D3BBFB2F77A}.Debug|Any CPU.ActiveCfg = Debug|Any CPU
		{BC4C045E-CB15-4501-BF25-0D3BBFB2F77A}.Debug|Any CPU.Build.0 = Debug|Any CPU
		{BC4C045E-CB15-4501-BF25-0D3BBFB2F77A}.Release|Any CPU.ActiveCfg = Release|Any CPU
		{BC4C045E-CB15-4501-BF25-0D3BBFB2F77A}.Release|Any CPU.Build.0 = Release|Any CPU
	EndGlobalSection
	GlobalSection(SolutionProperties) = preSolution
		HideSolutionNode = FALSE
	EndGlobalSection
	GlobalSection(ExtensibilityGlobals) = postSolution
		SolutionGuid = {1E209FD7-BBBE-4543-94AE-4C07C75F754C}
	EndGlobalSection
EndGlobal
